
Microsoft Visual Studio Solution File, Format Version 12.00
# Visual Studio Version 16
VisualStudioVersion = 16.0.30804.86
MinimumVisualStudioVersion = 10.0.40219.1
Project("{FAE04EC0-301F-11D3-BF4B-00C04F79EFBC}") = "QueryingRavenDB3.5", "QueryingRavenDB3.5.csproj", "{D7683407-2AB2-4B7F-AA97-F220033B4E75}"
EndProject
Global
	GlobalSection(SolutionConfigurationPlatforms) = preSolution
		Debug|Any CPU = Debug|Any CPU
		Release|Any CPU = Release|Any CPU
	EndGlobalSection
	GlobalSection(ProjectConfigurationPlatforms) = postSolution
		{D7683407-2AB2-4B7F-AA97-F220033B4E75}.Debug|Any CPU.ActiveCfg = Debug|Any CPU
		{D7683407-2AB2-4B7F-AA97-F220033B4E75}.Debug|Any CPU.Build.0 = Debug|Any CPU
		{D7683407-2AB2-4B7F-AA97-F220033B4E75}.Release|Any CPU.ActiveCfg = Release|Any CPU
		{D7683407-2AB2-4B7F-AA97-F220033B4E75}.Release|Any CPU.Build.0 = Release|Any CPU
	EndGlobalSection
	GlobalSection(SolutionProperties) = preSolution
		HideSolutionNode = FALSE
	EndGlobalSection
	GlobalSection(ExtensibilityGlobals) = postSolution
		SolutionGuid = {2BF01400-9646-4C7B-BC1A-23B7FEC27FB7}
	EndGlobalSection
EndGlobal
